
Microsoft Visual Studio Solution File, Format Version 12.00
# Visual Studio Version 16
VisualStudioVersion = 16.0.31112.23
MinimumVisualStudioVersion = 10.0.40219.1
Project("{FAE04EC0-301F-11D3-BF4B-00C04F79EFBC}") = "OlioOhjelmointi", "OlioOhjelmointi.csproj", "{F424931F-9488-4029-B334-C05785F06865}"
EndProject
Global
	GlobalSection(SolutionConfigurationPlatforms) = preSolution
		Debug|Any CPU = Debug|Any CPU
		Release|Any CPU = Release|Any CPU
	EndGlobalSection
	GlobalSection(ProjectConfigurationPlatforms) = postSolution
		{F424931F-9488-4029-B334-C05785F06865}.Debug|Any CPU.ActiveCfg = Debug|Any CPU
		{F424931F-9488-4029-B334-C05785F06865}.Debug|Any CPU.Build.0 = Debug|Any CPU
		{F424931F-9488-4029-B334-C05785F06865}.Release|Any CPU.ActiveCfg = Release|Any CPU
		{F424931F-9488-4029-B334-C05785F06865}.Release|Any CPU.Build.0 = Release|Any CPU
	EndGlobalSection
	GlobalSection(SolutionProperties) = preSolution
		HideSolutionNode = FALSE
	EndGlobalSection
	GlobalSection(ExtensibilityGlobals) = postSolution
		SolutionGuid = {761FD8CE-F3E6-4096-BA82-AC22B6BCFDEB}
	EndGlobalSection
EndGlobal
